github.com/gorilla/websocket v1.4.1/go.mod h1:YR8l580nyteQvAITg2hZ9XVh4b55+EU/adAjf1fMHhE=
github.com/nametake/golangci-lint-langserver v0.0.7 h1:0OdfrT1eR+5HLsPrWZ0IV2B3Z4w+dPkyWaZURH/bt78=
github.com/nametake/golangci-lint-langserver v0.0.7/go.mod h1:/z3E2ILvhohCW+WAl3JCjVJRB0oC3GHKBnSKCCkfAiQ=
github.com/sourcegraph/jsonrpc2 v0.0.0-20191222043438-96c4efab7ee2 h1:5VGNYxMxzZ8Jb2bARgVl1DNg8vpcd9S8b4MbbjWQ8/w=
github.com/sourcegraph/jsonrpc2 v0.0.0-20191222043438-96c4efab7ee2/go.mod h1:ZafdZgk/axhT1cvZAPOhw+95nz2I/Ra5qMlU4gTRwIo=
